github.com/antchfx/xpath v1.0.0 h1:Q5gFgh2O40VTSwMOVbFE7nFNRBu3tS21Tn0KAWeEjtk=
github.com/antchfx/xpath v1.0.0/go.mod h1:Yee4kTMuNiPYJ7nSNorELQMr1J33uOpXDMByNYhvtNk=
github.com/antchfx/xpath v1.1.11 h1:WOFtK8TVAjLm3lbgqeP0arlHpvCEeTANeWZ/csPpJkQ=
github.com/antchfx/xpath v1.1.11/go.mod h1:i54GszH55fYfBmoZXapTHN8T8tkcHfRgLyVwwqzXNcs=
